// !$*UTF8*$!
{
	archiveVersion = 1;
	classes = {
	};
	objectVersion = 56;
	objects = {

/* Begin PBXBuildFile section */
		E82B9BD32B14804B00000102 /* Banks.swift in Sources */ = {isa = PBXBuildFile; fileRef = E82B9BD22B14804B00000102 /* Banks.swift */; };
		E844C0752B25CD3300B9971F /* Bank.swift in Sources */ = {isa = PBXBuildFile; fileRef = E844C0742B25CD3300B9971F /* Bank.swift */; };
		E85651242B12FC380025B828 /* FileHandler.swift in Sources */ = {isa = PBXBuildFile; fileRef = E85651232B12FC380025B828 /* FileHandler.swift */; };
		E85651262B1314CB0025B828 /* Patch.swift in Sources */ = {isa = PBXBuildFile; fileRef = E85651252B1314CB0025B828 /* Patch.swift */; };
		E874754E2B175615005F237F /* Utilities.swift in Sources */ = {isa = PBXBuildFile; fileRef = E874754D2B175615005F237F /* Utilities.swift */; };
		E87BCF292B12F207005C2586 /* ThirdWaveLibrarianApp.swift in Sources */ = {isa = PBXBuildFile; fileRef = E87BCF282B12F207005C2586 /* ThirdWaveLibrarianApp.swift */; };
		E87BCF2B2B12F207005C2586 /* BanksView.swift in Sources */ = {isa = PBXBuildFile; fileRef = E87BCF2A2B12F207005C2586 /* BanksView.swift */; };
		E87BCF2D2B12F208005C2586 /* Assets.xcassets in Resources */ = {isa = PBXBuildFile; fileRef = E87BCF2C2B12F208005C2586 /* Assets.xcassets */; };
		E87BCF302B12F208005C2586 /* Preview Assets.xcassets in Resources */ = {isa = PBXBuildFile; fileRef = E87BCF2F2B12F208005C2586 /* Preview Assets.xcassets */; };
		E8EB10CF2B280E9D00A8973B /* ViewUtilities.swift in Sources */ = {isa = PBXBuildFile; fileRef = E8EB10CE2B280E9D00A8973B /* ViewUtilities.swift */; };
/* End PBXBuildFile section */

/* Begin PBXFileReference section */
		E82B9BD22B14804B00000102 /* Banks.swift */ = {isa = PBXFileReference; lastKnownFileType = sourcecode.swift; path = Banks.swift; sourceTree = "<group>"; };
		E844C0742B25CD3300B9971F /* Bank.swift */ = {isa = PBXFileReference; lastKnownFileType = sourcecode.swift; path = Bank.swift; sourceTree = "<group>"; };
		E85651232B12FC380025B828 /* FileHandler.swift */ = {isa = PBXFileReference; lastKnownFileType = sourcecode.swift; path = FileHandler.swift; sourceTree = "<group>"; };
		E85651252B1314CB0025B828 /* Patch.swift */ = {isa = PBXFileReference; lastKnownFileType = sourcecode.swift; path = Patch.swift; sourceTree = "<group>"; };
		E874754D2B175615005F237F /* Utilities.swift */ = {isa = PBXFileReference; lastKnownFileType = sourcecode.swift; path = Utilities.swift; sourceTree = "<group>"; };
		E87BCF252B12F207005C2586 /* Third Wave Librarian.app */ = {isa = PBXFileReference; explicitFileType = wrapper.application; includeInIndex = 0; path = "Third Wave Librarian.app"; sourceTree = BUILT_PRODUCTS_DIR; };
		E87BCF282B12F207005C2586 /* ThirdWaveLibrarianApp.swift */ = {isa = PBXFileReference; lastKnownFileType = sourcecode.swift; path = ThirdWaveLibrarianApp.swift; sourceTree = "<group>"; };
		E87BCF2A2B12F207005C2586 /* BanksView.swift */ = {isa = PBXFileReference; lastKnownFileType = sourcecode.swift; path = BanksView.swift; sourceTree = "<group>"; };
		E87BCF2C2B12F208005C2586 /* Assets.xcassets */ = {isa = PBXFileReference; lastKnownFileType = folder.assetcatalog; path = Assets.xcassets; sourceTree = "<group>"; };
		E87BCF2F2B12F208005C2586 /* Preview Assets.xcassets */ = {isa = PBXFileReference; lastKnownFileType = folder.assetcatalog; path = "Preview Assets.xcassets"; sourceTree = "<group>"; };
		E87BCF312B12F208005C2586 /* ThirdWaveLibrarian.entitlements */ = {isa = PBXFileReference; lastKnownFileType = text.plist.entitlements; path = ThirdWaveLibrarian.entitlements; sourceTree = "<group>"; };
		E8EB10CE2B280E9D00A8973B /* ViewUtilities.swift */ = {isa = PBXFileReference; lastKnownFileType = sourcecode.swift; path = ViewUtilities.swift; sourceTree = "<group>"; };
/* End PBXFileReference section */

/* Begin PBXFrameworksBuildPhase section */
		E87BCF222B12F207005C2586 /* Frameworks */ = {
			isa = PBXFrameworksBuildPhase;
			buildActionMask = 2147483647;
			files = (
			);
			runOnlyForDeploymentPostprocessing = 0;
		};
/* End PBXFrameworksBuildPhase section */

/* Begin PBXGroup section */
		E87BCF1C2B12F207005C2586 = {
			isa = PBXGroup;
			children = (
				E87BCF272B12F207005C2586 /* ThirdWaveLibrarian */,
				E87BCF262B12F207005C2586 /* Products */,
			);
			sourceTree = "<group>";
		};
		E87BCF262B12F207005C2586 /* Products */ = {
			isa = PBXGroup;
			children = (
				E87BCF252B12F207005C2586 /* Third Wave Librarian.app */,
			);
			name = Products;
			sourceTree = "<group>";
		};
		E87BCF272B12F207005C2586 /* ThirdWaveLibrarian */ = {
			isa = PBXGroup;
			children = (
				E87BCF282B12F207005C2586 /* ThirdWaveLibrarianApp.swift */,
				E87BCF2A2B12F207005C2586 /* BanksView.swift */,
				E82B9BD22B14804B00000102 /* Banks.swift */,
				E844C0742B25CD3300B9971F /* Bank.swift */,
				E85651252B1314CB0025B828 /* Patch.swift */,
				E85651232B12FC380025B828 /* FileHandler.swift */,
				E874754D2B175615005F237F /* Utilities.swift */,
				E8EB10CE2B280E9D00A8973B /* ViewUtilities.swift */,
				E87BCF2C2B12F208005C2586 /* Assets.xcassets */,
				E87BCF312B12F208005C2586 /* ThirdWaveLibrarian.entitlements */,
				E87BCF2E2B12F208005C2586 /* Preview Content */,
			);
			path = ThirdWaveLibrarian;
			sourceTree = "<group>";
		};
		E87BCF2E2B12F208005C2586 /* Preview Content */ = {
			isa = PBXGroup;
			children = (
				E87BCF2F2B12F208005C2586 /* Preview Assets.xcassets */,
			);
			path = "Preview Content";
			sourceTree = "<group>";
		};
/* End PBXGroup section */

/* Begin PBXNativeTarget section */
		E87BCF242B12F207005C2586 /* Third Wave Librarian */ = {
			isa = PBXNativeTarget;
			buildConfigurationList = E87BCF342B12F208005C2586 /* Build configuration list for PBXNativeTarget "Third Wave Librarian" */;
			buildPhases = (
				E87BCF212B12F207005C2586 /* Sources */,
				E87BCF222B12F207005C2586 /* Frameworks */,
				E87BCF232B12F207005C2586 /* Resources */,
			);
			buildRules = (
			);
			dependencies = (
			);
			name = "Third Wave Librarian";
			productName = ThirdWaveLibrarian;
			productReference = E87BCF252B12F207005C2586 /* Third Wave Librarian.app */;
			productType = "com.apple.product-type.application";
		};
/* End PBXNativeTarget section */

/* Begin PBXProject section */
		E87BCF1D2B12F207005C2586 /* Project object */ = {
			isa = PBXProject;
			attributes = {
				BuildIndependentTargetsInParallel = 1;
				LastSwiftUpdateCheck = 1430;
				LastUpgradeCheck = 1620;
				TargetAttributes = {
					E87BCF242B12F207005C2586 = {
						CreatedOnToolsVersion = 14.3.1;
					};
				};
			};
			buildConfigurationList = E87BCF202B12F207005C2586 /* Build configuration list for PBXProject "ThirdWaveLibrarian" */;
			compatibilityVersion = "Xcode 14.0";
			developmentRegion = en;
			hasScannedForEncodings = 0;
			knownRegions = (
				en,
				Base,
			);
			mainGroup = E87BCF1C2B12F207005C2586;
			productRefGroup = E87BCF262B12F207005C2586 /* Products */;
			projectDirPath = "";
			projectRoot = "";
			targets = (
				E87BCF242B12F207005C2586 /* Third Wave Librarian */,
			);
		};
/* End PBXProject section */

/* Begin PBXResourcesBuildPhase section */
		E87BCF232B12F207005C2586 /* Resources */ = {
			isa = PBXResourcesBuildPhase;
			buildActionMask = 2147483647;
			files = (
				E87BCF302B12F208005C2586 /* Preview Assets.xcassets in Resources */,
				E87BCF2D2B12F208005C2586 /* Assets.xcassets in Resources */,
			);
			runOnlyForDeploymentPostprocessing = 0;
		};
/* End PBXResourcesBuildPhase section */

/* Begin PBXSourcesBuildPhase section */
		E87BCF212B12F207005C2586 /* Sources */ = {
			isa = PBXSourcesBuildPhase;
			buildActionMask = 2147483647;
			files = (
				E874754E2B175615005F237F /* Utilities.swift in Sources */,
				E85651262B1314CB0025B828 /* Patch.swift in Sources */,
				E85651242B12FC380025B828 /* FileHandler.swift in Sources */,
				E82B9BD32B14804B00000102 /* Banks.swift in Sources */,
				E87BCF2B2B12F207005C2586 /* BanksView.swift in Sources */,
				E8EB10CF2B280E9D00A8973B /* ViewUtilities.swift in Sources */,
				E87BCF292B12F207005C2586 /* ThirdWaveLibrarianApp.swift in Sources */,
				E844C0752B25CD3300B9971F /* Bank.swift in Sources */,
			);
			runOnlyForDeploymentPostprocessing = 0;
		};
/* End PBXSourcesBuildPhase section */

/* Begin XCBuildConfiguration section */
		E87BCF322B12F208005C2586 /* Debug */ = {
			isa = XCBuildConfiguration;
			buildSettings = {
				ALWAYS_SEARCH_USER_PATHS = NO;
				ASSETCATALOG_COMPILER_GENERATE_SWIFT_ASSET_SYMBOL_EXTENSIONS = YES;
				CLANG_ANALYZER_NONNULL = YES;
				CLANG_ANALYZER_NUMBER_OBJECT_CONVERSION = YES_AGGRESSIVE;
				CLANG_CXX_LANGUAGE_STANDARD = "gnu++20";
				CLANG_ENABLE_MODULES = YES;
				CLANG_ENABLE_OBJC_ARC = YES;
				CLANG_ENABLE_OBJC_WEAK = YES;
				CLANG_WARN_BLOCK_CAPTURE_AUTORELEASING = YES;
				CLANG_WARN_BOOL_CONVERSION = YES;
				CLANG_WARN_COMMA = YES;
				CLANG_WARN_CONSTANT_CONVERSION = YES;
				CLANG_WARN_DEPRECATED_OBJC_IMPLEMENTATIONS = YES;
				CLANG_WARN_DIRECT_OBJC_ISA_USAGE = YES_ERROR;
				CLANG_WARN_DOCUMENTATION_COMMENTS = YES;
				CLANG_WARN_EMPTY_BODY = YES;
				CLANG_WARN_ENUM_CONVERSION = YES;
				CLANG_WARN_INFINITE_RECURSION = YES;
				CLANG_WARN_INT_CONVERSION = YES;
				CLANG_WARN_NON_LITERAL_NULL_CONVERSION = YES;
				CLANG_WARN_OBJC_IMPLICIT_RETAIN_SELF = YES;
				CLANG_WARN_OBJC_LITERAL_CONVERSION = YES;
				CLANG_WARN_OBJC_ROOT_CLASS = YES_ERROR;
				CLANG_WARN_QUOTED_INCLUDE_IN_FRAMEWORK_HEADER = YES;
				CLANG_WARN_RANGE_LOOP_ANALYSIS = YES;
				CLANG_WARN_STRICT_PROTOTYPES = YES;
				CLANG_WARN_SUSPICIOUS_MOVE = YES;
				CLANG_WARN_UNGUARDED_AVAILABILITY = YES_AGGRESSIVE;
				CLANG_WARN_UNREACHABLE_CODE = YES;
				CLANG_WARN__DUPLICATE_METHOD_MATCH = YES;
				COPY_PHASE_STRIP = NO;
				DEAD_CODE_STRIPPING = YES;
				DEBUG_INFORMATION_FORMAT = dwarf;
				ENABLE_STRICT_OBJC_MSGSEND = YES;
				ENABLE_TESTABILITY = YES;
				ENABLE_USER_SCRIPT_SANDBOXING = YES;
				GCC_C_LANGUAGE_STANDARD = gnu11;
				GCC_DYNAMIC_NO_PIC = NO;
				GCC_NO_COMMON_BLOCKS = YES;
				GCC_OPTIMIZATION_LEVEL = 0;
				GCC_PREPROCESSOR_DEFINITIONS = (
					"DEBUG=1",
					"$(inherited)",
				);
				GCC_WARN_64_TO_32_BIT_CONVERSION = YES;
				GCC_WARN_ABOUT_RETURN_TYPE = YES_ERROR;
				GCC_WARN_UNDECLARED_SELECTOR = YES;
				GCC_WARN_UNINITIALIZED_AUTOS = YES_AGGRESSIVE;
				GCC_WARN_UNUSED_FUNCTION = YES;
				GCC_WARN_UNUSED_VARIABLE = YES;
				MACOSX_DEPLOYMENT_TARGET = 15.0;
				MTL_ENABLE_DEBUG_INFO = INCLUDE_SOURCE;
				MTL_FAST_MATH = YES;
				ONLY_ACTIVE_ARCH = YES;
				SDKROOT = macosx;
				SWIFT_ACTIVE_COMPILATION_CONDITIONS = DEBUG;
				SWIFT_OPTIMIZATION_LEVEL = "-Onone";
				SWIFT_VERSION = 6.0;
			};
			name = Debug;
		};
		E87BCF332B12F208005C2586 /* Release */ = {
			isa = XCBuildConfiguration;
			buildSettings = {
				ALWAYS_SEARCH_USER_PATHS = NO;
				ASSETCATALOG_COMPILER_GENERATE_SWIFT_ASSET_SYMBOL_EXTENSIONS = YES;
				CLANG_ANALYZER_NONNULL = YES;
				CLANG_ANALYZER_NUMBER_OBJECT_CONVERSION = YES_AGGRESSIVE;
				CLANG_CXX_LANGUAGE_STANDARD = "gnu++20";
				CLANG_ENABLE_MODULES = YES;
				CLANG_ENABLE_OBJC_ARC = YES;
				CLANG_ENABLE_OBJC_WEAK = YES;
				CLANG_WARN_BLOCK_CAPTURE_AUTORELEASING = YES;
				CLANG_WARN_BOOL_CONVERSION = YES;
				CLANG_WARN_COMMA = YES;
				CLANG_WARN_CONSTANT_CONVERSION = YES;
				CLANG_WARN_DEPRECATED_OBJC_IMPLEMENTATIONS = YES;
				CLANG_WARN_DIRECT_OBJC_ISA_USAGE = YES_ERROR;
				CLANG_WARN_DOCUMENTATION_COMMENTS = YES;
				CLANG_WARN_EMPTY_BODY = YES;
				CLANG_WARN_ENUM_CONVERSION = YES;
				CLANG_WARN_INFINITE_RECURSION = YES;
				CLANG_WARN_INT_CONVERSION = YES;
				CLANG_WARN_NON_LITERAL_NULL_CONVERSION = YES;
				CLANG_WARN_OBJC_IMPLICIT_RETAIN_SELF = YES;
				CLANG_WARN_OBJC_LITERAL_CONVERSION = YES;
				CLANG_WARN_OBJC_ROOT_CLASS = YES_ERROR;
				CLANG_WARN_QUOTED_INCLUDE_IN_FRAMEWORK_HEADER = YES;
				CLANG_WARN_RANGE_LOOP_ANALYSIS = YES;
				CLANG_WARN_STRICT_PROTOTYPES = YES;
				CLANG_WARN_SUSPICIOUS_MOVE = YES;
				CLANG_WARN_UNGUARDED_AVAILABILITY = YES_AGGRESSIVE;
				CLANG_WARN_UNREACHABLE_CODE = YES;
				CLANG_WARN__DUPLICATE_METHOD_MATCH = YES;
				COPY_PHASE_STRIP = NO;
				DEAD_CODE_STRIPPING = YES;
				DEBUG_INFORMATION_FORMAT = "dwarf-with-dsym";
				ENABLE_NS_ASSERTIONS = NO;
				ENABLE_STRICT_OBJC_MSGSEND = YES;
				ENABLE_USER_SCRIPT_SANDBOXING = YES;
				GCC_C_LANGUAGE_STANDARD = gnu11;
				GCC_NO_COMMON_BLOCKS = YES;
				GCC_WARN_64_TO_32_BIT_CONVERSION = YES;
				GCC_WARN_ABOUT_RETURN_TYPE = YES_ERROR;
				GCC_WARN_UNDECLARED_SELECTOR = YES;
				GCC_WARN_UNINITIALIZED_AUTOS = YES_AGGRESSIVE;
				GCC_WARN_UNUSED_FUNCTION = YES;
				GCC_WARN_UNUSED_VARIABLE = YES;
				MACOSX_DEPLOYMENT_TARGET = 15.0;
				MTL_ENABLE_DEBUG_INFO = NO;
				MTL_FAST_MATH = YES;
				SDKROOT = macosx;
				SWIFT_COMPILATION_MODE = wholemodule;
				SWIFT_OPTIMIZATION_LEVEL = "-O";
				SWIFT_VERSION = 6.0;
			};
			name = Release;
		};
		E87BCF352B12F208005C2586 /* Debug */ = {
			isa = XCBuildConfiguration;
			buildSettings = {
				ASSETCATALOG_COMPILER_APPICON_NAME = AppIcon;
				ASSETCATALOG_COMPILER_GLOBAL_ACCENT_COLOR_NAME = AccentColor;
				CODE_SIGN_ENTITLEMENTS = ThirdWaveLibrarian/ThirdWaveLibrarian.entitlements;
				CODE_SIGN_IDENTITY = "Apple Development";
				"CODE_SIGN_IDENTITY[sdk=macosx*]" = "-";
				CODE_SIGN_STYLE = Manual;
				COMBINE_HIDPI_IMAGES = YES;
				CURRENT_PROJECT_VERSION = 5;
				DEAD_CODE_STRIPPING = YES;
				DEVELOPMENT_ASSET_PATHS = "\"ThirdWaveLibrarian/Preview Content\"";
				DEVELOPMENT_TEAM = "";
				ENABLE_PREVIEWS = YES;
				GENERATE_INFOPLIST_FILE = YES;
				INFOPLIST_KEY_NSHumanReadableCopyright = "";
				LD_RUNPATH_SEARCH_PATHS = (
					"$(inherited)",
					"@executable_path/../Frameworks",
				);
				MARKETING_VERSION = 1.4;
				PRODUCT_BUNDLE_IDENTIFIER = ThirdWaveLibrarian;
				PRODUCT_NAME = "$(TARGET_NAME)";
				PROVISIONING_PROFILE_SPECIFIER = "";
				SWIFT_EMIT_LOC_STRINGS = YES;
			};
			name = Debug;
		};
		E87BCF362B12F208005C2586 /* Release */ = {
			isa = XCBuildConfiguration;
			buildSettings = {
				ASSETCATALOG_COMPILER_APPICON_NAME = AppIcon;
				ASSETCATALOG_COMPILER_GLOBAL_ACCENT_COLOR_NAME = AccentColor;
				CODE_SIGN_ENTITLEMENTS = ThirdWaveLibrarian/ThirdWaveLibrarian.entitlements;
				CODE_SIGN_IDENTITY = "Apple Development";
				"CODE_SIGN_IDENTITY[sdk=macosx*]" = "-";
				CODE_SIGN_STYLE = Manual;
				COMBINE_HIDPI_IMAGES = YES;
				CURRENT_PROJECT_VERSION = 5;
				DEAD_CODE_STRIPPING = YES;
				DEVELOPMENT_ASSET_PATHS = "\"ThirdWaveLibrarian/Preview Content\"";
				DEVELOPMENT_TEAM = "";
				ENABLE_PREVIEWS = YES;
				GENERATE_INFOPLIST_FILE = YES;
				INFOPLIST_KEY_NSHumanReadableCopyright = "";
				LD_RUNPATH_SEARCH_PATHS = (
					"$(inherited)",
					"@executable_path/../Frameworks",
				);
				MARKETING_VERSION = 1.4;
				PRODUCT_BUNDLE_IDENTIFIER = ThirdWaveLibrarian;
				PRODUCT_NAME = "$(TARGET_NAME)";
				PROVISIONING_PROFILE_SPECIFIER = "";
				SWIFT_EMIT_LOC_STRINGS = YES;
			};
			name = Release;
		};
/* End XCBuildConfiguration section */

/* Begin XCConfigurationList section */
		E87BCF202B12F207005C2586 /* Build configuration list for PBXProject "ThirdWaveLibrarian" */ = {
			isa = XCConfigurationList;
			buildConfigurations = (
				E87BCF322B12F208005C2586 /* Debug */,
				E87BCF332B12F208005C2586 /* Release */,
			);
			defaultConfigurationIsVisible = 0;
			defaultConfigurationName = Release;
		};
		E87BCF342B12F208005C2586 /* Build configuration list for PBXNativeTarget "Third Wave Librarian" */ = {
			isa = XCConfigurationList;
			buildConfigurations = (
				E87BCF352B12F208005C2586 /* Debug */,
				E87BCF362B12F208005C2586 /* Release */,
			);
			defaultConfigurationIsVisible = 0;
			defaultConfigurationName = Release;
		};
/* End XCConfigurationList section */
	};
	rootObject = E87BCF1D2B12F207005C2586 /* Project object */;
}
